
Microsoft Visual Studio Solution File, Format Version 12.00
# Visual Studio 15
VisualStudioVersion = 15.0.28010.2050
MinimumVisualStudioVersion = 10.0.40219.1
Project("{FAE04EC0-301F-11D3-BF4B-00C04F79EFBC}") = "PostsAndComments", "PostsAndComments\PostsAndComments.csproj", "{80DD7E82-EA9A-4C9D-8361-F32A9F6127CE}"
EndProject
Project("{FAE04EC0-301F-11D3-BF4B-00C04F79EFBC}") = "PostsAndCommentsInterfaces", "PostsAndCommentsInterfaces\PostsAndCommentsInterfaces.csproj", "{7BF24A07-B662-4D38-87A8-2D0F9CC5766E}"
EndProject
Project("{FAE04EC0-301F-11D3-BF4B-00C04F79EFBC}") = "PostsAndCommentsModels", "PostsAndCommentsModels\PostsAndCommentsModels.csproj", "{535EAEA8-DC33-46A2-8B9A-B3C88CF9830C}"
EndProject
Project("{FAE04EC0-301F-11D3-BF4B-00C04F79EFBC}") = "PostsAndCommentsRepositories", "PostsAndCommentsRepositories\PostsAndCommentsRepositories.csproj", "{87889BD9-B4E8-4C40-A8D1-5A9ACEF54B2C}"
EndProject
Project("{FAE04EC0-301F-11D3-BF4B-00C04F79EFBC}") = "PostsAndCommentsServices", "PostsAndCommentsServices\PostsAndCommentsServices.csproj", "{84DB4155-302A-4CD0-A4B4-6D0C943CCF99}"
EndProject
Project("{FAE04EC0-301F-11D3-BF4B-00C04F79EFBC}") = "PostsAndCommentsTests", "PostsAndCommentsTests\PostsAndCommentsTests.csproj", "{323C9CF6-A3CE-48B8-8AF2-C7E0ECBE4ED8}"
EndProject
Global
	GlobalSection(SolutionConfigurationPlatforms) = preSolution
		Debug|Any CPU = Debug|Any CPU
		Release|Any CPU = Release|Any CPU
	EndGlobalSection
	GlobalSection(ProjectConfigurationPlatforms) = postSolution
		{80DD7E82-EA9A-4C9D-8361-F32A9F6127CE}.Debug|Any CPU.ActiveCfg = Debug|Any CPU
		{80DD7E82-EA9A-4C9D-8361-F32A9F6127CE}.Debug|Any CPU.Build.0 = Debug|Any CPU
		{80DD7E82-EA9A-4C9D-8361-F32A9F6127CE}.Release|Any CPU.ActiveCfg = Release|Any CPU
		{80DD7E82-EA9A-4C9D-8361-F32A9F6127CE}.Release|Any CPU.Build.0 = Release|Any CPU
		{7BF24A07-B662-4D38-87A8-2D0F9CC5766E}.Debug|Any CPU.ActiveCfg = Debug|Any CPU
		{7BF24A07-B662-4D38-87A8-2D0F9CC5766E}.Debug|Any CPU.Build.0 = Debug|Any CPU
		{7BF24A07-B662-4D38-87A8-2D0F9CC5766E}.Release|Any CPU.ActiveCfg = Release|Any CPU
		{7BF24A07-B662-4D38-87A8-2D0F9CC5766E}.Release|Any CPU.Build.0 = Release|Any CPU
		{535EAEA8-DC33-46A2-8B9A-B3C88CF9830C}.Debug|Any CPU.ActiveCfg = Debug|Any CPU
		{535EAEA8-DC33-46A2-8B9A-B3C88CF9830C}.Debug|Any CPU.Build.0 = Debug|Any CPU
		{535EAEA8-DC33-46A2-8B9A-B3C88CF9830C}.Release|Any CPU.ActiveCfg = Release|Any CPU
		{535EAEA8-DC33-46A2-8B9A-B3C88CF9830C}.Release|Any CPU.Build.0 = Release|Any CPU
		{87889BD9-B4E8-4C40-A8D1-5A9ACEF54B2C}.Debug|Any CPU.ActiveCfg = Debug|Any CPU
		{87889BD9-B4E8-4C40-A8D1-5A9ACEF54B2C}.Debug|Any CPU.Build.0 = Debug|Any CPU
		{87889BD9-B4E8-4C40-A8D1-5A9ACEF54B2C}.Release|Any CPU.ActiveCfg = Release|Any CPU
		{87889BD9-B4E8-4C40-A8D1-5A9ACEF54B2C}.Release|Any CPU.Build.0 = Release|Any CPU
		{84DB4155-302A-4CD0-A4B4-6D0C943CCF99}.Debug|Any CPU.ActiveCfg = Debug|Any CPU
		{84DB4155-302A-4CD0-A4B4-6D0C943CCF99}.Debug|Any CPU.Build.0 = Debug|Any CPU
		{84DB4155-302A-4CD0-A4B4-6D0C943CCF99}.Release|Any CPU.ActiveCfg = Release|Any CPU
		{84DB4155-302A-4CD0-A4B4-6D0C943CCF99}.Release|Any CPU.Build.0 = Release|Any CPU
		{323C9CF6-A3CE-48B8-8AF2-C7E0ECBE4ED8}.Debug|Any CPU.ActiveCfg = Debug|Any CPU
		{323C9CF6-A3CE-48B8-8AF2-C7E0ECBE4ED8}.Debug|Any CPU.Build.0 = Debug|Any CPU
		{323C9CF6-A3CE-48B8-8AF2-C7E0ECBE4ED8}.Release|Any CPU.ActiveCfg = Release|Any CPU
		{323C9CF6-A3CE-48B8-8AF2-C7E0ECBE4ED8}.Release|Any CPU.Build.0 = Release|Any CPU
	EndGlobalSection
	GlobalSection(SolutionProperties) = preSolution
		HideSolutionNode = FALSE
	EndGlobalSection
	GlobalSection(ExtensibilityGlobals) = postSolution
		SolutionGuid = {9270E598-0C4A-4AF1-AC7F-162B727439F1}
	EndGlobalSection
EndGlobal
